
Microsoft Visual Studio Solution File, Format Version 12.00
# Visual Studio Version 16
VisualStudioVersion = 16.0.30804.86
MinimumVisualStudioVersion = 10.0.40219.1
Project("{FAE04EC0-301F-11D3-BF4B-00C04F79EFBC}") = "AsalSayi", "ConsoleÖrnekleri\AsalSayi.csproj", "{0230736B-E132-4EE2-A937-2BF658B09E26}"
EndProject
Project("{FAE04EC0-301F-11D3-BF4B-00C04F79EFBC}") = "TekÇiftSayi", "TekÇift\TekÇiftSayi.csproj", "{4B257247-6A5A-4231-A988-7868A5D74634}"
EndProject
Project("{FAE04EC0-301F-11D3-BF4B-00C04F79EFBC}") = "GirinlenSayınınRakamlarToplamı", "GirinlenSayınınRakamlarToplamı\GirinlenSayınınRakamlarToplamı.csproj", "{40880EED-2C81-4732-B41D-1C1B91BA7E8C}"
EndProject
Project("{FAE04EC0-301F-11D3-BF4B-00C04F79EFBC}") = "GirilenKelimeninTerstenYazılışı", "GirilenKelimeninTerstenYazılışı\GirilenKelimeninTerstenYazılışı.csproj", "{22B08F68-F6C5-476B-AE40-D13170EA15E8}"
EndProject
Project("{FAE04EC0-301F-11D3-BF4B-00C04F79EFBC}") = "Fibonacci", "Fibonacci\Fibonacci.csproj", "{FC1A045D-A2B7-43F2-9EDF-0A3DB9E2DC7F}"
EndProject
Project("{FAE04EC0-301F-11D3-BF4B-00C04F79EFBC}") = "YıldızŞekilleri", "YıldızŞekilleri\YıldızŞekilleri.csproj", "{75CEE1D0-7345-4F93-8D24-CF4D7F3DB431}"
EndProject
Project("{FAE04EC0-301F-11D3-BF4B-00C04F79EFBC}") = "YıldızŞekilleri2", "YıldızŞekilleri2\YıldızŞekilleri2.csproj", "{B562E5AD-F9BD-4E2B-8D5C-899865AC7FCA}"
EndProject
Project("{FAE04EC0-301F-11D3-BF4B-00C04F79EFBC}") = "YılzdızŞekilleri3", "YılzdızŞekilleri3\YılzdızŞekilleri3.csproj", "{A96D8E96-B215-4371-AECC-F5D5679FE560}"
EndProject
Global
	GlobalSection(SolutionConfigurationPlatforms) = preSolution
		Debug|Any CPU = Debug|Any CPU
		Release|Any CPU = Release|Any CPU
	EndGlobalSection
	GlobalSection(ProjectConfigurationPlatforms) = postSolution
		{0230736B-E132-4EE2-A937-2BF658B09E26}.Debug|Any CPU.ActiveCfg = Debug|Any CPU
		{0230736B-E132-4EE2-A937-2BF658B09E26}.Debug|Any CPU.Build.0 = Debug|Any CPU
		{0230736B-E132-4EE2-A937-2BF658B09E26}.Release|Any CPU.ActiveCfg = Release|Any CPU
		{0230736B-E132-4EE2-A937-2BF658B09E26}.Release|Any CPU.Build.0 = Release|Any CPU
		{4B257247-6A5A-4231-A988-7868A5D74634}.Debug|Any CPU.ActiveCfg = Debug|Any CPU
		{4B257247-6A5A-4231-A988-7868A5D74634}.Debug|Any CPU.Build.0 = Debug|Any CPU
		{4B257247-6A5A-4231-A988-7868A5D74634}.Release|Any CPU.ActiveCfg = Release|Any CPU
		{4B257247-6A5A-4231-A988-7868A5D74634}.Release|Any CPU.Build.0 = Release|Any CPU
		{40880EED-2C81-4732-B41D-1C1B91BA7E8C}.Debug|Any CPU.ActiveCfg = Debug|Any CPU
		{40880EED-2C81-4732-B41D-1C1B91BA7E8C}.Debug|Any CPU.Build.0 = Debug|Any CPU
		{40880EED-2C81-4732-B41D-1C1B91BA7E8C}.Release|Any CPU.ActiveCfg = Release|Any CPU
		{40880EED-2C81-4732-B41D-1C1B91BA7E8C}.Release|Any CPU.Build.0 = Release|Any CPU
		{22B08F68-F6C5-476B-AE40-D13170EA15E8}.Debug|Any CPU.ActiveCfg = Debug|Any CPU
		{22B08F68-F6C5-476B-AE40-D13170EA15E8}.Debug|Any CPU.Build.0 = Debug|Any CPU
		{22B08F68-F6C5-476B-AE40-D13170EA15E8}.Release|Any CPU.ActiveCfg = Release|Any CPU
		{22B08F68-F6C5-476B-AE40-D13170EA15E8}.Release|Any CPU.Build.0 = Release|Any CPU
		{FC1A045D-A2B7-43F2-9EDF-0A3DB9E2DC7F}.Debug|Any CPU.ActiveCfg = Debug|Any CPU
		{FC1A045D-A2B7-43F2-9EDF-0A3DB9E2DC7F}.Debug|Any CPU.Build.0 = Debug|Any CPU
		{FC1A045D-A2B7-43F2-9EDF-0A3DB9E2DC7F}.Release|Any CPU.ActiveCfg = Release|Any CPU
		{FC1A045D-A2B7-43F2-9EDF-0A3DB9E2DC7F}.Release|Any CPU.Build.0 = Release|Any CPU
		{75CEE1D0-7345-4F93-8D24-CF4D7F3DB431}.Debug|Any CPU.ActiveCfg = Debug|Any CPU
		{75CEE1D0-7345-4F93-8D24-CF4D7F3DB431}.Debug|Any CPU.Build.0 = Debug|Any CPU
		{75CEE1D0-7345-4F93-8D24-CF4D7F3DB431}.Release|Any CPU.ActiveCfg = Release|Any CPU
		{75CEE1D0-7345-4F93-8D24-CF4D7F3DB431}.Release|Any CPU.Build.0 = Release|Any CPU
		{B562E5AD-F9BD-4E2B-8D5C-899865AC7FCA}.Debug|Any CPU.ActiveCfg = Debug|Any CPU
		{B562E5AD-F9BD-4E2B-8D5C-899865AC7FCA}.Debug|Any CPU.Build.0 = Debug|Any CPU
		{B562E5AD-F9BD-4E2B-8D5C-899865AC7FCA}.Release|Any CPU.ActiveCfg = Release|Any CPU
		{B562E5AD-F9BD-4E2B-8D5C-899865AC7FCA}.Release|Any CPU.Build.0 = Release|Any CPU
		{A96D8E96-B215-4371-AECC-F5D5679FE560}.Debug|Any CPU.ActiveCfg = Debug|Any CPU
		{A96D8E96-B215-4371-AECC-F5D5679FE560}.Debug|Any CPU.Build.0 = Debug|Any CPU
		{A96D8E96-B215-4371-AECC-F5D5679FE560}.Release|Any CPU.ActiveCfg = Release|Any CPU
		{A96D8E96-B215-4371-AECC-F5D5679FE560}.Release|Any CPU.Build.0 = Release|Any CPU
	EndGlobalSection
	GlobalSection(SolutionProperties) = preSolution
		HideSolutionNode = FALSE
	EndGlobalSection
	GlobalSection(ExtensibilityGlobals) = postSolution
		SolutionGuid = {4F02A915-ED4E-488F-9CF0-CD7C556996E1}
	EndGlobalSection
EndGlobal
